
Microsoft Visual Studio Solution File, Format Version 12.00
# Visual Studio Version 17
VisualStudioVersion = 17.11.35312.102
MinimumVisualStudioVersion = 10.0.40219.1
Project("{FAE04EC0-301F-11D3-BF4B-00C04F79EFBC}") = "StudentPortal.Web", "StudentPortal.Web\StudentPortal.Web.csproj", "{ACD281F3-5B3D-4090-BC1A-56705F4777E7}"
EndProject
Global
	GlobalSection(SolutionConfigurationPlatforms) = preSolution
		Debug|Any CPU = Debug|Any CPU
		Release|Any CPU = Release|Any CPU
	EndGlobalSection
	GlobalSection(ProjectConfigurationPlatforms) = postSolution
		{ACD281F3-5B3D-4090-BC1A-56705F4777E7}.Debug|Any CPU.ActiveCfg = Debug|Any CPU
		{ACD281F3-5B3D-4090-BC1A-56705F4777E7}.Debug|Any CPU.Build.0 = Debug|Any CPU
		{ACD281F3-5B3D-4090-BC1A-56705F4777E7}.Release|Any CPU.ActiveCfg = Release|Any CPU
		{ACD281F3-5B3D-4090-BC1A-56705F4777E7}.Release|Any CPU.Build.0 = Release|Any CPU
	EndGlobalSection
	GlobalSection(SolutionProperties) = preSolution
		HideSolutionNode = FALSE
	EndGlobalSection
	GlobalSection(ExtensibilityGlobals) = postSolution
		SolutionGuid = {19125224-23EB-45B1-90E6-67ACA5BCC9D7}
	EndGlobalSection
EndGlobal
